org.eclipse.sisu:org.eclipse.sisu.plexus:jar:0.0.0.M2a
com.google.guava:guava:jar:10.0.1
commons-logging:commons-logging:jar:1.1.5
org.eclipse.aether:aether-connector-wagon:jar:0.9.0.M2
org.eclipse.aether:aether-impl:jar:0.9.0.M2
com.ning:async-http-client:jar:1.7.6
org.apache.maven.wagon:wagon-http-shared4:jar:2.4
org.sonatype.plexus:plexus-cipher:jar:1.4
org.sonatype.sisu:sisu-guice:jar:no_aop:3.1.0
org.apache.maven:maven-model:jar:3.1.0
org.sonatype.plexus:plexus-sec-dispatcher:jar:1.3
org.codehaus.plexus:plexus-classworlds:jar:2.4
org.apache.maven:maven-aether-provider:jar:3.1.0
org.apache.maven.wagon:wagon-provider-api:jar:1.0
io.netty:netty:jar:3.4.4.Final
aopalliance:aopalliance:jar:1.0
org.eclipse.aether:aether-api:jar:0.9.0.M2
org.jsoup:jsoup:jar:1.7.1
org.codehaus.plexus:plexus-interpolation:jar:1.16
javax.enterprise:cdi-api:jar:1.0
org.slf4j:slf4j-api:jar:1.6.6
asm:asm:jar:3.3.1
com.google.code.findbugs:jsr305:jar:1.3.9
org.apache.maven:maven-repository-metadata:jar:3.1.0
org.bouncycastle:bcpkix-jdk15on:jar:1.49
org.apache.httpcomponents:httpcore:jar:4.2.3
javax.annotation:jsr250-api:jar:1.0
org.eclipse.sisu:org.eclipse.sisu.inject:jar:0.0.0.M2a
org.apache.maven:maven-settings:jar:3.1.0
org.apache.maven.wagon:wagon-file:jar:2.4
org.slf4j:slf4j-simple:jar:1.6.6
org.bouncycastle:bcprov-jdk15on:jar:1.49
org.eclipse.aether:aether-util:jar:0.9.0.M2
commons-io:commons-io:jar:2.0.1
org.apache.httpcomponents:httpclient:jar:4.2.3
org.eclipse.aether:aether-connector-file:jar:0.9.0.M2
org.eclipse.aether:aether-spi:jar:0.9.0.M2
org.apache.maven:maven-settings-builder:jar:3.1.0
javax.inject:javax.inject:jar:1
org.apache.maven:maven-model-builder:jar:3.1.0
org.codehaus.plexus:plexus-component-annotations:jar:1.5.5
org.apache.maven.wagon:wagon-http:jar:2.4
org.codehaus.plexus:plexus-utils:jar:3.0.10
org.eclipse.aether:aether-connector-asynchttpclient:jar:0.9.0.M2
commons-codec:commons-codec:jar:1.6
com.beust:jcommander:jar:1.27
org.hamcrest:hamcrest-core:jar:1.1
junit:junit:jar:4.10
org.mockito:mockito-core:jar:1.9.5
org.testng:testng:jar:6.8
org.beanshell:bsh:jar:2.0b4
org.objenesis:objenesis:jar:1.0
